{
    "name": "meg.db",
    "version": "3.0.1",
    "lockfileVersion": 3,
    "requires": true,
    "packages": {
        "": {
            "name": "meg.db",
            "version": "3.0.1",
            "license": "Apache-2.0",
            "dependencies": {
                "bson": "^5.4.x",
                "clog-utils": "^2.0.0",
                "cron": "^3.1.6",
                "graceful-fs": "^4.2.11"
            },
            "devDependencies": {
                "@types/graceful-fs": "^4.1.6",
                "@types/node": "^20.5.2"
            },
            "peerDependencies": {
                "bson": "^5.4.x"
            },
            "peerDependenciesMeta": {
                "bson": {
                    "optional": true
                }
            }
        },
        "node_modules/@types/graceful-fs": {
            "version": "4.1.9",
            "resolved": "https://registry.npmjs.org/@types/graceful-fs/-/graceful-fs-4.1.9.tgz",
            "integrity": "sha512-olP3sd1qOEe5dXTSaFvQG+02VdRXcdytWLAZsAq1PecU8uqQAhkrnbli7DagjtXKW/Bl7YJbUsa8MPcuc8LHEQ==",
            "dev": true,
            "dependencies": {
                "@types/node": "*"
            }
        },
        "node_modules/@types/luxon": {
            "version": "3.3.4",
            "resolved": "https://registry.npmjs.org/@types/luxon/-/luxon-3.3.4.tgz",
            "integrity": "sha512-H9OXxv4EzJwE75aTPKpiGXJq+y4LFxjpsdgKwSmr503P5DkWc3AG7VAFYrFNVvqemT5DfgZJV9itYhqBHSGujA=="
        },
        "node_modules/@types/node": {
            "version": "20.9.0",
            "resolved": "https://registry.npmjs.org/@types/node/-/node-20.9.0.tgz",
            "integrity": "sha512-nekiGu2NDb1BcVofVcEKMIwzlx4NjHlcjhoxxKBNLtz15Y1z7MYf549DFvkHSId02Ax6kGwWntIBPC3l/JZcmw==",
            "dev": true,
            "dependencies": {
                "undici-types": "~5.26.4"
            }
        },
        "node_modules/bson": {
            "version": "5.5.1",
            "resolved": "https://registry.npmjs.org/bson/-/bson-5.5.1.tgz",
            "integrity": "sha512-ix0EwukN2EpC0SRWIj/7B5+A6uQMQy6KMREI9qQqvgpkV2frH63T0UDVd1SYedL6dNCmDBYB3QtXi4ISk9YT+g==",
            "engines": {
                "node": ">=14.20.1"
            }
        },
        "node_modules/clog-utils": {
            "version": "2.0.0",
            "resolved": "https://registry.npmjs.org/clog-utils/-/clog-utils-2.0.0.tgz",
            "integrity": "sha512-z4WS221JKodHJQdW9Hbyed5nqsbUASPIayxKOKJdtII3tbqMq85QjFrAtvXnq0Hoa8mfNwnNHNpgpGP4YGOROA=="
        },
        "node_modules/cron": {
            "version": "3.1.6",
            "resolved": "https://registry.npmjs.org/cron/-/cron-3.1.6.tgz",
            "integrity": "sha512-cvFiQCeVzsA+QPM6fhjBtlKGij7tLLISnTSvFxVdnFGLdz+ZdXN37kNe0i2gefmdD17XuZA6n2uPVwzl4FxW/w==",
            "dependencies": {
                "@types/luxon": "~3.3.0",
                "luxon": "~3.4.0"
            }
        },
        "node_modules/graceful-fs": {
            "version": "4.2.11",
            "resolved": "https://registry.npmjs.org/graceful-fs/-/graceful-fs-4.2.11.tgz",
            "integrity": "sha512-RbJ5/jmFcNNCcDV5o9eTnBLJ/HszWV0P73bc+Ff4nS/rJj+YaS6IGyiOL0VoBYX+l1Wrl3k63h/KrH+nhJ0XvQ=="
        },
        "node_modules/luxon": {
            "version": "3.4.4",
            "resolved": "https://registry.npmjs.org/luxon/-/luxon-3.4.4.tgz",
            "integrity": "sha512-zobTr7akeGHnv7eBOXcRgMeCP6+uyYsczwmeRCauvpvaAltgNyTbLH/+VaEAPUeWBT+1GuNmz4wC/6jtQzbbVA==",
            "engines": {
                "node": ">=12"
            }
        },
        "node_modules/undici-types": {
            "version": "5.26.5",
            "resolved": "https://registry.npmjs.org/undici-types/-/undici-types-5.26.5.tgz",
            "integrity": "sha512-JlCMO+ehdEIKqlFxk6IfVoAUVmgz7cU7zD/h9XZ0qzeosSHmUJVOzSQvvYSYWXkFXC+IfLKSIffhv0sVZup6pA==",
            "dev": true
        }
    }
}
