lockfileVersion: '6.0'

dependencies:
  bson:
    specifier: ^5.3.0
    version: 5.3.0
  lodash:
    specifier: ^4.17.21
    version: 4.17.21

packages:

  /bson@5.3.0:
    resolution: {integrity: sha512-ukmCZMneMlaC5ebPHXIkP8YJzNl5DC41N5MAIvKDqLggdao342t4McltoJBQfQya/nHBWAcSsYRqlXPoQkTJag==}
    engines: {node: '>=14.20.1'}
    dev: false

  /lodash@4.17.21:
    resolution: {integrity: sha512-v2kDEe57lecTulaDIuNTPy3Ry4gLGJ6Z1O3vE1krgXZNrsQ+LFTGHVxVjcXPs17LhbZVGedAJv8XZ1tvj5FvSg==}
    dev: false
